// !$*UTF8*$!
{
	archiveVersion = 1;
	classes = {
	};
	objectVersion = 48;
	objects = {

/* Begin PBXBuildFile section */
		F44527C72064B65100A1D310 /* CollectionViewCell.swift in Sources */ = {isa = PBXBuildFile; fileRef = F44527C62064B65100A1D310 /* CollectionViewCell.swift */; };
		F44527C92064B7B700A1D310 /* MovieItem.swift in Sources */ = {isa = PBXBuildFile; fileRef = F44527C82064B7B700A1D310 /* MovieItem.swift */; };
		F44527CB2064C7AC00A1D310 /* Movies.plist in Resources */ = {isa = PBXBuildFile; fileRef = F44527CA2064C7AC00A1D310 /* Movies.plist */; };
		F446DE0520675A0900554B08 /* VC2.swift in Sources */ = {isa = PBXBuildFile; fileRef = F446DE0420675A0900554B08 /* VC2.swift */; };
		F44A1D9920636F0800334033 /* AppDelegate.swift in Sources */ = {isa = PBXBuildFile; fileRef = F44A1D9820636F0800334033 /* AppDelegate.swift */; };
		F44A1D9B20636F0800334033 /* ViewController.swift in Sources */ = {isa = PBXBuildFile; fileRef = F44A1D9A20636F0800334033 /* ViewController.swift */; };
		F44A1D9E20636F0800334033 /* Main.storyboard in Resources */ = {isa = PBXBuildFile; fileRef = F44A1D9C20636F0800334033 /* Main.storyboard */; };
		F44A1DA020636F0800334033 /* Assets.xcassets in Resources */ = {isa = PBXBuildFile; fileRef = F44A1D9F20636F0800334033 /* Assets.xcassets */; };
		F44A1DA320636F0800334033 /* LaunchScreen.storyboard in Resources */ = {isa = PBXBuildFile; fileRef = F44A1DA120636F0800334033 /* LaunchScreen.storyboard */; };
/* End PBXBuildFile section */

/* Begin PBXFileReference section */
		F44527C62064B65100A1D310 /* CollectionViewCell.swift */ = {isa = PBXFileReference; lastKnownFileType = sourcecode.swift; path = CollectionViewCell.swift; sourceTree = "<group>"; };
		F44527C82064B7B700A1D310 /* MovieItem.swift */ = {isa = PBXFileReference; lastKnownFileType = sourcecode.swift; path = MovieItem.swift; sourceTree = "<group>"; };
		F44527CA2064C7AC00A1D310 /* Movies.plist */ = {isa = PBXFileReference; lastKnownFileType = text.plist.xml; path = Movies.plist; sourceTree = "<group>"; };
		F446DE0420675A0900554B08 /* VC2.swift */ = {isa = PBXFileReference; lastKnownFileType = sourcecode.swift; path = VC2.swift; sourceTree = "<group>"; };
		F44A1D9520636F0800334033 /* My favorite Movies By CollectionView.app */ = {isa = PBXFileReference; explicitFileType = wrapper.application; includeInIndex = 0; path = "My favorite Movies By CollectionView.app"; sourceTree = BUILT_PRODUCTS_DIR; };
		F44A1D9820636F0800334033 /* AppDelegate.swift */ = {isa = PBXFileReference; lastKnownFileType = sourcecode.swift; path = AppDelegate.swift; sourceTree = "<group>"; };
		F44A1D9A20636F0800334033 /* ViewController.swift */ = {isa = PBXFileReference; lastKnownFileType = sourcecode.swift; path = ViewController.swift; sourceTree = "<group>"; };
		F44A1D9D20636F0800334033 /* Base */ = {isa = PBXFileReference; lastKnownFileType = file.storyboard; name = Base; path = Base.lproj/Main.storyboard; sourceTree = "<group>"; };
		F44A1D9F20636F0800334033 /* Assets.xcassets */ = {isa = PBXFileReference; lastKnownFileType = folder.assetcatalog; path = Assets.xcassets; sourceTree = "<group>"; };
		F44A1DA220636F0800334033 /* Base */ = {isa = PBXFileReference; lastKnownFileType = file.storyboard; name = Base; path = Base.lproj/LaunchScreen.storyboard; sourceTree = "<group>"; };
		F44A1DA420636F0800334033 /* Info.plist */ = {isa = PBXFileReference; lastKnownFileType = text.plist.xml; path = Info.plist; sourceTree = "<group>"; };
/* End PBXFileReference section */

/* Begin PBXFrameworksBuildPhase section */
		F44A1D9220636F0700334033 /* Frameworks */ = {
			isa = PBXFrameworksBuildPhase;
			buildActionMask = 2147483647;
			files = (
			);
			runOnlyForDeploymentPostprocessing = 0;
		};
/* End PBXFrameworksBuildPhase section */

/* Begin PBXGroup section */
		F44A1D8C20636F0700334033 = {
			isa = PBXGroup;
			children = (
				F44A1D9720636F0800334033 /* My favorite Movies By CollectionView */,
				F44A1D9620636F0800334033 /* Products */,
			);
			sourceTree = "<group>";
		};
		F44A1D9620636F0800334033 /* Products */ = {
			isa = PBXGroup;
			children = (
				F44A1D9520636F0800334033 /* My favorite Movies By CollectionView.app */,
			);
			name = Products;
			sourceTree = "<group>";
		};
		F44A1D9720636F0800334033 /* My favorite Movies By CollectionView */ = {
			isa = PBXGroup;
			children = (
				F45A5FFC2077FBE00031E33E /* Models */,
				F45A5FFE2077FBED0031E33E /* Controller */,
				F45A5FFD2077FBE80031E33E /* Views */,
				F44A1D9820636F0800334033 /* AppDelegate.swift */,
				F44527CA2064C7AC00A1D310 /* Movies.plist */,
				F44A1D9C20636F0800334033 /* Main.storyboard */,
				F44A1D9F20636F0800334033 /* Assets.xcassets */,
				F44A1DA120636F0800334033 /* LaunchScreen.storyboard */,
				F44A1DA420636F0800334033 /* Info.plist */,
			);
			path = "My favorite Movies By CollectionView";
			sourceTree = "<group>";
		};
		F45A5FFC2077FBE00031E33E /* Models */ = {
			isa = PBXGroup;
			children = (
				F44527C82064B7B700A1D310 /* MovieItem.swift */,
			);
			path = Models;
			sourceTree = "<group>";
		};
		F45A5FFD2077FBE80031E33E /* Views */ = {
			isa = PBXGroup;
			children = (
				F44527C62064B65100A1D310 /* CollectionViewCell.swift */,
			);
			path = Views;
			sourceTree = "<group>";
		};
		F45A5FFE2077FBED0031E33E /* Controller */ = {
			isa = PBXGroup;
			children = (
				F44A1D9A20636F0800334033 /* ViewController.swift */,
				F446DE0420675A0900554B08 /* VC2.swift */,
			);
			path = Controller;
			sourceTree = "<group>";
		};
/* End PBXGroup section */

/* Begin PBXNativeTarget section */
		F44A1D9420636F0700334033 /* My favorite Movies By CollectionView */ = {
			isa = PBXNativeTarget;
			buildConfigurationList = F44A1DA720636F0800334033 /* Build configuration list for PBXNativeTarget "My favorite Movies By CollectionView" */;
			buildPhases = (
				F44A1D9120636F0700334033 /* Sources */,
				F44A1D9220636F0700334033 /* Frameworks */,
				F44A1D9320636F0700334033 /* Resources */,
			);
			buildRules = (
			);
			dependencies = (
			);
			name = "My favorite Movies By CollectionView";
			productName = "My favorite Movies By CollectionView";
			productReference = F44A1D9520636F0800334033 /* My favorite Movies By CollectionView.app */;
			productType = "com.apple.product-type.application";
		};
/* End PBXNativeTarget section */

/* Begin PBXProject section */
		F44A1D8D20636F0700334033 /* Project object */ = {
			isa = PBXProject;
			attributes = {
				LastSwiftUpdateCheck = 0920;
				LastUpgradeCheck = 0920;
				ORGANIZATIONNAME = IOSDeveloper;
				TargetAttributes = {
					F44A1D9420636F0700334033 = {
						CreatedOnToolsVersion = 9.2;
						ProvisioningStyle = Automatic;
					};
				};
			};
			buildConfigurationList = F44A1D9020636F0700334033 /* Build configuration list for PBXProject "My favorite Movies By CollectionView" */;
			compatibilityVersion = "Xcode 8.0";
			developmentRegion = en;
			hasScannedForEncodings = 0;
			knownRegions = (
				en,
				Base,
			);
			mainGroup = F44A1D8C20636F0700334033;
			productRefGroup = F44A1D9620636F0800334033 /* Products */;
			projectDirPath = "";
			projectRoot = "";
			targets = (
				F44A1D9420636F0700334033 /* My favorite Movies By CollectionView */,
			);
		};
/* End PBXProject section */

/* Begin PBXResourcesBuildPhase section */
		F44A1D9320636F0700334033 /* Resources */ = {
			isa = PBXResourcesBuildPhase;
			buildActionMask = 2147483647;
			files = (
				F44A1DA320636F0800334033 /* LaunchScreen.storyboard in Resources */,
				F44A1DA020636F0800334033 /* Assets.xcassets in Resources */,
				F44527CB2064C7AC00A1D310 /* Movies.plist in Resources */,
				F44A1D9E20636F0800334033 /* Main.storyboard in Resources */,
			);
			runOnlyForDeploymentPostprocessing = 0;
		};
/* End PBXResourcesBuildPhase section */

/* Begin PBXSourcesBuildPhase section */
		F44A1D9120636F0700334033 /* Sources */ = {
			isa = PBXSourcesBuildPhase;
			buildActionMask = 2147483647;
			files = (
				F44A1D9B20636F0800334033 /* ViewController.swift in Sources */,
				F44A1D9920636F0800334033 /* AppDelegate.swift in Sources */,
				F446DE0520675A0900554B08 /* VC2.swift in Sources */,
				F44527C92064B7B700A1D310 /* MovieItem.swift in Sources */,
				F44527C72064B65100A1D310 /* CollectionViewCell.swift in Sources */,
			);
			runOnlyForDeploymentPostprocessing = 0;
		};
/* End PBXSourcesBuildPhase section */

/* Begin PBXVariantGroup section */
		F44A1D9C20636F0800334033 /* Main.storyboard */ = {
			isa = PBXVariantGroup;
			children = (
				F44A1D9D20636F0800334033 /* Base */,
			);
			name = Main.storyboard;
			sourceTree = "<group>";
		};
		F44A1DA120636F0800334033 /* LaunchScreen.storyboard */ = {
			isa = PBXVariantGroup;
			children = (
				F44A1DA220636F0800334033 /* Base */,
			);
			name = LaunchScreen.storyboard;
			sourceTree = "<group>";
		};
/* End PBXVariantGroup section */

/* Begin XCBuildConfiguration section */
		F44A1DA520636F0800334033 /* Debug */ = {
			isa = XCBuildConfiguration;
			buildSettings = {
				ALWAYS_SEARCH_USER_PATHS = NO;
				CLANG_ANALYZER_NONNULL = YES;
				CLANG_ANALYZER_NUMBER_OBJECT_CONVERSION = YES_AGGRESSIVE;
				CLANG_CXX_LANGUAGE_STANDARD = "gnu++14";
				CLANG_CXX_LIBRARY = "libc++";
				CLANG_ENABLE_MODULES = YES;
				CLANG_ENABLE_OBJC_ARC = YES;
				CLANG_WARN_BLOCK_CAPTURE_AUTORELEASING = YES;
				CLANG_WARN_BOOL_CONVERSION = YES;
				CLANG_WARN_COMMA = YES;
				CLANG_WARN_CONSTANT_CONVERSION = YES;
				CLANG_WARN_DIRECT_OBJC_ISA_USAGE = YES_ERROR;
				CLANG_WARN_DOCUMENTATION_COMMENTS = YES;
				CLANG_WARN_EMPTY_BODY = YES;
				CLANG_WARN_ENUM_CONVERSION = YES;
				CLANG_WARN_INFINITE_RECURSION = YES;
				CLANG_WARN_INT_CONVERSION = YES;
				CLANG_WARN_NON_LITERAL_NULL_CONVERSION = YES;
				CLANG_WARN_OBJC_LITERAL_CONVERSION = YES;
				CLANG_WARN_OBJC_ROOT_CLASS = YES_ERROR;
				CLANG_WARN_RANGE_LOOP_ANALYSIS = YES;
				CLANG_WARN_STRICT_PROTOTYPES = YES;
				CLANG_WARN_SUSPICIOUS_MOVE = YES;
				CLANG_WARN_UNGUARDED_AVAILABILITY = YES_AGGRESSIVE;
				CLANG_WARN_UNREACHABLE_CODE = YES;
				CLANG_WARN__DUPLICATE_METHOD_MATCH = YES;
				CODE_SIGN_IDENTITY = "iPhone Developer";
				COPY_PHASE_STRIP = NO;
				DEBUG_INFORMATION_FORMAT = dwarf;
				ENABLE_STRICT_OBJC_MSGSEND = YES;
				ENABLE_TESTABILITY = YES;
				GCC_C_LANGUAGE_STANDARD = gnu11;
				GCC_DYNAMIC_NO_PIC = NO;
				GCC_NO_COMMON_BLOCKS = YES;
				GCC_OPTIMIZATION_LEVEL = 0;
				GCC_PREPROCESSOR_DEFINITIONS = (
					"DEBUG=1",
					"$(inherited)",
				);
				GCC_WARN_64_TO_32_BIT_CONVERSION = YES;
				GCC_WARN_ABOUT_RETURN_TYPE = YES_ERROR;
				GCC_WARN_UNDECLARED_SELECTOR = YES;
				GCC_WARN_UNINITIALIZED_AUTOS = YES_AGGRESSIVE;
				GCC_WARN_UNUSED_FUNCTION = YES;
				GCC_WARN_UNUSED_VARIABLE = YES;
				IPHONEOS_DEPLOYMENT_TARGET = 11.2;
				MTL_ENABLE_DEBUG_INFO = YES;
				ONLY_ACTIVE_ARCH = YES;
				SDKROOT = iphoneos;
				SWIFT_ACTIVE_COMPILATION_CONDITIONS = DEBUG;
				SWIFT_OPTIMIZATION_LEVEL = "-Onone";
			};
			name = Debug;
		};
		F44A1DA620636F0800334033 /* Release */ = {
			isa = XCBuildConfiguration;
			buildSettings = {
				ALWAYS_SEARCH_USER_PATHS = NO;
				CLANG_ANALYZER_NONNULL = YES;
				CLANG_ANALYZER_NUMBER_OBJECT_CONVERSION = YES_AGGRESSIVE;
				CLANG_CXX_LANGUAGE_STANDARD = "gnu++14";
				CLANG_CXX_LIBRARY = "libc++";
				CLANG_ENABLE_MODULES = YES;
				CLANG_ENABLE_OBJC_ARC = YES;
				CLANG_WARN_BLOCK_CAPTURE_AUTORELEASING = YES;
				CLANG_WARN_BOOL_CONVERSION = YES;
				CLANG_WARN_COMMA = YES;
				CLANG_WARN_CONSTANT_CONVERSION = YES;
				CLANG_WARN_DIRECT_OBJC_ISA_USAGE = YES_ERROR;
				CLANG_WARN_DOCUMENTATION_COMMENTS = YES;
				CLANG_WARN_EMPTY_BODY = YES;
				CLANG_WARN_ENUM_CONVERSION = YES;
				CLANG_WARN_INFINITE_RECURSION = YES;
				CLANG_WARN_INT_CONVERSION = YES;
				CLANG_WARN_NON_LITERAL_NULL_CONVERSION = YES;
				CLANG_WARN_OBJC_LITERAL_CONVERSION = YES;
				CLANG_WARN_OBJC_ROOT_CLASS = YES_ERROR;
				CLANG_WARN_RANGE_LOOP_ANALYSIS = YES;
				CLANG_WARN_STRICT_PROTOTYPES = YES;
				CLANG_WARN_SUSPICIOUS_MOVE = YES;
				CLANG_WARN_UNGUARDED_AVAILABILITY = YES_AGGRESSIVE;
				CLANG_WARN_UNREACHABLE_CODE = YES;
				CLANG_WARN__DUPLICATE_METHOD_MATCH = YES;
				CODE_SIGN_IDENTITY = "iPhone Developer";
				COPY_PHASE_STRIP = NO;
				DEBUG_INFORMATION_FORMAT = "dwarf-with-dsym";
				ENABLE_NS_ASSERTIONS = NO;
				ENABLE_STRICT_OBJC_MSGSEND = YES;
				GCC_C_LANGUAGE_STANDARD = gnu11;
				GCC_NO_COMMON_BLOCKS = YES;
				GCC_WARN_64_TO_32_BIT_CONVERSION = YES;
				GCC_WARN_ABOUT_RETURN_TYPE = YES_ERROR;
				GCC_WARN_UNDECLARED_SELECTOR = YES;
				GCC_WARN_UNINITIALIZED_AUTOS = YES_AGGRESSIVE;
				GCC_WARN_UNUSED_FUNCTION = YES;
				GCC_WARN_UNUSED_VARIABLE = YES;
				IPHONEOS_DEPLOYMENT_TARGET = 11.2;
				MTL_ENABLE_DEBUG_INFO = NO;
				SDKROOT = iphoneos;
				SWIFT_OPTIMIZATION_LEVEL = "-Owholemodule";
				VALIDATE_PRODUCT = YES;
			};
			name = Release;
		};
		F44A1DA820636F0800334033 /* Debug */ = {
			isa = XCBuildConfiguration;
			buildSettings = {
				ASSETCATALOG_COMPILER_APPICON_NAME = AppIcon;
				CODE_SIGN_STYLE = Automatic;
				DEVELOPMENT_TEAM = V8W7NV8F48;
				INFOPLIST_FILE = "My favorite Movies By CollectionView/Info.plist";
				LD_RUNPATH_SEARCH_PATHS = "$(inherited) @executable_path/Frameworks";
				PRODUCT_BUNDLE_IDENTIFIER = "com.H.My-favorite-Movies-By-CollectionView";
				PRODUCT_NAME = "$(TARGET_NAME)";
				SWIFT_VERSION = 4.0;
				TARGETED_DEVICE_FAMILY = "1,2";
			};
			name = Debug;
		};
		F44A1DA920636F0800334033 /* Release */ = {
			isa = XCBuildConfiguration;
			buildSettings = {
				ASSETCATALOG_COMPILER_APPICON_NAME = AppIcon;
				CODE_SIGN_STYLE = Automatic;
				DEVELOPMENT_TEAM = V8W7NV8F48;
				INFOPLIST_FILE = "My favorite Movies By CollectionView/Info.plist";
				LD_RUNPATH_SEARCH_PATHS = "$(inherited) @executable_path/Frameworks";
				PRODUCT_BUNDLE_IDENTIFIER = "com.H.My-favorite-Movies-By-CollectionView";
				PRODUCT_NAME = "$(TARGET_NAME)";
				SWIFT_VERSION = 4.0;
				TARGETED_DEVICE_FAMILY = "1,2";
			};
			name = Release;
		};
/* End XCBuildConfiguration section */

/* Begin XCConfigurationList section */
		F44A1D9020636F0700334033 /* Build configuration list for PBXProject "My favorite Movies By CollectionView" */ = {
			isa = XCConfigurationList;
			buildConfigurations = (
				F44A1DA520636F0800334033 /* Debug */,
				F44A1DA620636F0800334033 /* Release */,
			);
			defaultConfigurationIsVisible = 0;
			defaultConfigurationName = Release;
		};
		F44A1DA720636F0800334033 /* Build configuration list for PBXNativeTarget "My favorite Movies By CollectionView" */ = {
			isa = XCConfigurationList;
			buildConfigurations = (
				F44A1DA820636F0800334033 /* Debug */,
				F44A1DA920636F0800334033 /* Release */,
			);
			defaultConfigurationIsVisible = 0;
			defaultConfigurationName = Release;
		};
/* End XCConfigurationList section */
	};
	rootObject = F44A1D8D20636F0700334033 /* Project object */;
}
